<?xml version="1.0" encoding="utf-8"?>
<Project ToolsVersion="4.0" xmlns="http://schemas.microsoft.com/developer/msbuild/2003">
  <ItemGroup>
    <ClInclude Include="..\CmdParser.hpp" />
    <ClInclude Include="..\test\catch.hpp">
      <Filter>Test</Filter>
    </ClInclude>
    <ClInclude Include="..\test\definitions.hpp">
      <Filter>Test</Filter>
    </ClInclude>
  </ItemGroup>
  <ItemGroup>
    <ClCompile Include="..\test\catch_main.cpp">
      <Filter>Test</Filter>
    </ClCompile>
    <ClCompile Include="..\test\cmd_parser_test.cpp">
      <Filter>Test</Filter>
    </ClCompile>
  </ItemGroup>
  <ItemGroup>
    <Filter Include="Test">
      <UniqueIdentifier>{82310dfd-c5ae-4513-aeab-6beff2efb476}</UniqueIdentifier>
    </Filter>
  </ItemGroup>
</Project>